
Microsoft Visual Studio Solution File, Format Version 12.00
# Visual Studio Version 16
VisualStudioVersion = 16.0.34301.259
MinimumVisualStudioVersion = 10.0.40219.1
Project("{FAE04EC0-301F-11D3-BF4B-00C04F79EFBC}") = "Exercise1_Confectionary_Store", "Exercise1_Confectionary_Store.csproj", "{EE9FF846-F153-45A6-81AF-970CA064F120}"
EndProject
Global
	GlobalSection(SolutionConfigurationPlatforms) = preSolution
		Debug|Any CPU = Debug|Any CPU
		Release|Any CPU = Release|Any CPU
	EndGlobalSection
	GlobalSection(ProjectConfigurationPlatforms) = postSolution
		{EE9FF846-F153-45A6-81AF-970CA064F120}.Debug|Any CPU.ActiveCfg = Debug|Any CPU
		{EE9FF846-F153-45A6-81AF-970CA064F120}.Debug|Any CPU.Build.0 = Debug|Any CPU
		{EE9FF846-F153-45A6-81AF-970CA064F120}.Release|Any CPU.ActiveCfg = Release|Any CPU
		{EE9FF846-F153-45A6-81AF-970CA064F120}.Release|Any CPU.Build.0 = Release|Any CPU
	EndGlobalSection
	GlobalSection(SolutionProperties) = preSolution
		HideSolutionNode = FALSE
	EndGlobalSection
	GlobalSection(ExtensibilityGlobals) = postSolution
		SolutionGuid = {018F6967-DCC9-48B1-B604-7FC432FEC18B}
	EndGlobalSection
EndGlobal
