
Microsoft Visual Studio Solution File, Format Version 12.00
# Visual Studio Version 16
VisualStudioVersion = 16.0.34301.259
MinimumVisualStudioVersion = 10.0.40219.1
Project("{FAE04EC0-301F-11D3-BF4B-00C04F79EFBC}") = "Exercise3_Calculate_Price_Per_Meter", "Exercise3_Calculate_Price_Per_Meter.csproj", "{6F436014-9EA6-4C94-9493-01E4078F9F73}"
EndProject
Global
	GlobalSection(SolutionConfigurationPlatforms) = preSolution
		Debug|Any CPU = Debug|Any CPU
		Release|Any CPU = Release|Any CPU
	EndGlobalSection
	GlobalSection(ProjectConfigurationPlatforms) = postSolution
		{6F436014-9EA6-4C94-9493-01E4078F9F73}.Debug|Any CPU.ActiveCfg = Debug|Any CPU
		{6F436014-9EA6-4C94-9493-01E4078F9F73}.Debug|Any CPU.Build.0 = Debug|Any CPU
		{6F436014-9EA6-4C94-9493-01E4078F9F73}.Release|Any CPU.ActiveCfg = Release|Any CPU
		{6F436014-9EA6-4C94-9493-01E4078F9F73}.Release|Any CPU.Build.0 = Release|Any CPU
	EndGlobalSection
	GlobalSection(SolutionProperties) = preSolution
		HideSolutionNode = FALSE
	EndGlobalSection
	GlobalSection(ExtensibilityGlobals) = postSolution
		SolutionGuid = {913C6D9C-8F32-415E-A221-72E797BCFB4C}
	EndGlobalSection
EndGlobal
